
Microsoft Visual Studio Solution File, Format Version 12.00
# Visual Studio 15
VisualStudioVersion = 15.0.27004.2002
MinimumVisualStudioVersion = 10.0.40219.1
Project("{9A19103F-16F7-4668-BE54-9A1E7A4F7556}") = "CoordinateSystems", "CoordinateSystems\CoordinateSystems.csproj", "{F6F7027E-DC94-4E08-B635-A6C30115A0F9}"
EndProject
Project("{9A19103F-16F7-4668-BE54-9A1E7A4F7556}") = "CoordinateSystem.Test", "CoordinateSystem.Test\CoordinateSystem.Test.csproj", "{DE49F41A-21C8-40B0-AE11-8071DA11753B}"
EndProject
Global
	GlobalSection(SolutionConfigurationPlatforms) = preSolution
		Debug|Any CPU = Debug|Any CPU
		Release|Any CPU = Release|Any CPU
	EndGlobalSection
	GlobalSection(ProjectConfigurationPlatforms) = postSolution
		{F6F7027E-DC94-4E08-B635-A6C30115A0F9}.Debug|Any CPU.ActiveCfg = Debug|Any CPU
		{F6F7027E-DC94-4E08-B635-A6C30115A0F9}.Debug|Any CPU.Build.0 = Debug|Any CPU
		{F6F7027E-DC94-4E08-B635-A6C30115A0F9}.Release|Any CPU.ActiveCfg = Release|Any CPU
		{F6F7027E-DC94-4E08-B635-A6C30115A0F9}.Release|Any CPU.Build.0 = Release|Any CPU
		{DE49F41A-21C8-40B0-AE11-8071DA11753B}.Debug|Any CPU.ActiveCfg = Debug|Any CPU
		{DE49F41A-21C8-40B0-AE11-8071DA11753B}.Debug|Any CPU.Build.0 = Debug|Any CPU
		{DE49F41A-21C8-40B0-AE11-8071DA11753B}.Release|Any CPU.ActiveCfg = Release|Any CPU
		{DE49F41A-21C8-40B0-AE11-8071DA11753B}.Release|Any CPU.Build.0 = Release|Any CPU
	EndGlobalSection
	GlobalSection(SolutionProperties) = preSolution
		HideSolutionNode = FALSE
	EndGlobalSection
	GlobalSection(ExtensibilityGlobals) = postSolution
		SolutionGuid = {297C3D3E-451F-4573-9F29-CE08BFA9C74E}
	EndGlobalSection
EndGlobal
